// !$*UTF8*$!
{
	archiveVersion = 1;
	classes = {
	};
	objectVersion = 46;
	objects = {

/* Begin PBXBuildFile section */
		DF96B74A1FCC96C6003E83EA /* AppDelegate.swift in Sources */ = {isa = PBXBuildFile; fileRef = DF96B7491FCC96C6003E83EA /* AppDelegate.swift */; };
		DF96B74C1FCC96C6003E83EA /* ViewController.swift in Sources */ = {isa = PBXBuildFile; fileRef = DF96B74B1FCC96C6003E83EA /* ViewController.swift */; };
		DF96B74F1FCC96C6003E83EA /* Main.storyboard in Resources */ = {isa = PBXBuildFile; fileRef = DF96B74D1FCC96C6003E83EA /* Main.storyboard */; };
		DF96B7511FCC96C6003E83EA /* Images.xcassets in Resources */ = {isa = PBXBuildFile; fileRef = DF96B7501FCC96C6003E83EA /* Images.xcassets */; };
		DF96B7541FCC96C6003E83EA /* LaunchScreen.xib in Resources */ = {isa = PBXBuildFile; fileRef = DF96B7521FCC96C6003E83EA /* LaunchScreen.xib */; };
		DF96B7601FCC96C7003E83EA /* CheekiTools2Tests.swift in Sources */ = {isa = PBXBuildFile; fileRef = DF96B75F1FCC96C7003E83EA /* CheekiTools2Tests.swift */; };
		DFAC31931FE03A8C009DCAB9 /* Nonceset.m in Sources */ = {isa = PBXBuildFile; fileRef = DFAC31921FE03A8C009DCAB9 /* Nonceset.m */; };
		DFAC319E1FE03CA6009DCAB9 /* nvpatch.m in Sources */ = {isa = PBXBuildFile; fileRef = DFAC31991FE03CA6009DCAB9 /* nvpatch.m */; };
		DFAC31A01FE03CA6009DCAB9 /* v0rtex.m in Sources */ = {isa = PBXBuildFile; fileRef = DFAC319D1FE03CA6009DCAB9 /* v0rtex.m */; };
		DFAC31AC1FE04B1C009DCAB9 /* IOKit.framework in Frameworks */ = {isa = PBXBuildFile; fileRef = DFAC31AB1FE04B1C009DCAB9 /* IOKit.framework */; };
/* End PBXBuildFile section */

/* Begin PBXContainerItemProxy section */
		DF96B75A1FCC96C7003E83EA /* PBXContainerItemProxy */ = {
			isa = PBXContainerItemProxy;
			containerPortal = DF96B73C1FCC96C6003E83EA /* Project object */;
			proxyType = 1;
			remoteGlobalIDString = DF96B7431FCC96C6003E83EA;
			remoteInfo = CheekiTools2;
		};
/* End PBXContainerItemProxy section */

/* Begin PBXFileReference section */
		DF96B7441FCC96C6003E83EA /* CheekiTools2.app */ = {isa = PBXFileReference; explicitFileType = wrapper.application; includeInIndex = 0; path = CheekiTools2.app; sourceTree = BUILT_PRODUCTS_DIR; };
		DF96B7481FCC96C6003E83EA /* Info.plist */ = {isa = PBXFileReference; lastKnownFileType = text.plist.xml; path = Info.plist; sourceTree = "<group>"; };
		DF96B7491FCC96C6003E83EA /* AppDelegate.swift */ = {isa = PBXFileReference; lastKnownFileType = sourcecode.swift; path = AppDelegate.swift; sourceTree = "<group>"; };
		DF96B74B1FCC96C6003E83EA /* ViewController.swift */ = {isa = PBXFileReference; lastKnownFileType = sourcecode.swift; path = ViewController.swift; sourceTree = "<group>"; };
		DF96B74E1FCC96C6003E83EA /* Base */ = {isa = PBXFileReference; lastKnownFileType = file.storyboard; name = Base; path = Base.lproj/Main.storyboard; sourceTree = "<group>"; };
		DF96B7501FCC96C6003E83EA /* Images.xcassets */ = {isa = PBXFileReference; lastKnownFileType = folder.assetcatalog; path = Images.xcassets; sourceTree = "<group>"; };
		DF96B7531FCC96C6003E83EA /* Base */ = {isa = PBXFileReference; lastKnownFileType = file.xib; name = Base; path = Base.lproj/LaunchScreen.xib; sourceTree = "<group>"; };
		DF96B7591FCC96C7003E83EA /* CheekiTools2Tests.xctest */ = {isa = PBXFileReference; explicitFileType = wrapper.cfbundle; includeInIndex = 0; path = CheekiTools2Tests.xctest; sourceTree = BUILT_PRODUCTS_DIR; };
		DF96B75E1FCC96C7003E83EA /* Info.plist */ = {isa = PBXFileReference; lastKnownFileType = text.plist.xml; path = Info.plist; sourceTree = "<group>"; };
		DF96B75F1FCC96C7003E83EA /* CheekiTools2Tests.swift */ = {isa = PBXFileReference; lastKnownFileType = sourcecode.swift; path = CheekiTools2Tests.swift; sourceTree = "<group>"; };
		DFAC31911FE03A8B009DCAB9 /* CheekiTools2-Bridging-Header.h */ = {isa = PBXFileReference; lastKnownFileType = sourcecode.c.h; path = "CheekiTools2-Bridging-Header.h"; sourceTree = "<group>"; };
		DFAC31921FE03A8C009DCAB9 /* Nonceset.m */ = {isa = PBXFileReference; fileEncoding = 4; lastKnownFileType = sourcecode.c.objc; path = Nonceset.m; sourceTree = "<group>"; };
		DFAC31981FE03CA6009DCAB9 /* nvpatch.h */ = {isa = PBXFileReference; fileEncoding = 4; lastKnownFileType = sourcecode.c.h; path = nvpatch.h; sourceTree = "<group>"; };
		DFAC31991FE03CA6009DCAB9 /* nvpatch.m */ = {isa = PBXFileReference; fileEncoding = 4; lastKnownFileType = sourcecode.c.objc; path = nvpatch.m; sourceTree = "<group>"; };
		DFAC319C1FE03CA6009DCAB9 /* v0rtex.h */ = {isa = PBXFileReference; fileEncoding = 4; lastKnownFileType = sourcecode.c.h; path = v0rtex.h; sourceTree = "<group>"; };
		DFAC319D1FE03CA6009DCAB9 /* v0rtex.m */ = {isa = PBXFileReference; fileEncoding = 4; lastKnownFileType = sourcecode.c.objc; path = v0rtex.m; sourceTree = "<group>"; };
		DFAC31A11FE03CB1009DCAB9 /* mach-o.h */ = {isa = PBXFileReference; fileEncoding = 4; lastKnownFileType = sourcecode.c.h; path = "mach-o.h"; sourceTree = "<group>"; };
		DFAC31A21FE03CB9009DCAB9 /* arch.h */ = {isa = PBXFileReference; fileEncoding = 4; lastKnownFileType = sourcecode.c.h; path = arch.h; sourceTree = "<group>"; };
		DFAC31A31FE03CB9009DCAB9 /* common.h */ = {isa = PBXFileReference; fileEncoding = 4; lastKnownFileType = sourcecode.c.h; path = common.h; sourceTree = "<group>"; };
		DFAC31A41FE03DF9009DCAB9 /* Nonceset.h */ = {isa = PBXFileReference; lastKnownFileType = sourcecode.c.h; path = Nonceset.h; sourceTree = "<group>"; };
		DFAC31A61FE044C2009DCAB9 /* IOKitKeys.h */ = {isa = PBXFileReference; fileEncoding = 4; lastKnownFileType = sourcecode.c.h; path = IOKitKeys.h; sourceTree = "<group>"; };
		DFAC31A71FE044C2009DCAB9 /* IOKitLib.h */ = {isa = PBXFileReference; fileEncoding = 4; lastKnownFileType = sourcecode.c.h; path = IOKitLib.h; sourceTree = "<group>"; };
		DFAC31A81FE044C2009DCAB9 /* IOReturn.h */ = {isa = PBXFileReference; fileEncoding = 4; lastKnownFileType = sourcecode.c.h; path = IOReturn.h; sourceTree = "<group>"; };
		DFAC31A91FE044C2009DCAB9 /* IOTypes.h */ = {isa = PBXFileReference; fileEncoding = 4; lastKnownFileType = sourcecode.c.h; path = IOTypes.h; sourceTree = "<group>"; };
		DFAC31AA1FE044C2009DCAB9 /* OSMessageNotification.h */ = {isa = PBXFileReference; fileEncoding = 4; lastKnownFileType = sourcecode.c.h; path = OSMessageNotification.h; sourceTree = "<group>"; };
		DFAC31AB1FE04B1C009DCAB9 /* IOKit.framework */ = {isa = PBXFileReference; lastKnownFileType = wrapper.framework; name = IOKit.framework; path = CheekiTools2/IOKit.framework; sourceTree = "<group>"; };
		DFAC31AD1FE05F3A009DCAB9 /* v0rtex2.h */ = {isa = PBXFileReference; lastKnownFileType = sourcecode.c.h; path = v0rtex2.h; sourceTree = "<group>"; };
/* End PBXFileReference section */

/* Begin PBXFrameworksBuildPhase section */
		DF96B7411FCC96C6003E83EA /* Frameworks */ = {
			isa = PBXFrameworksBuildPhase;
			buildActionMask = 2147483647;
			files = (
				DFAC31AC1FE04B1C009DCAB9 /* IOKit.framework in Frameworks */,
			);
			runOnlyForDeploymentPostprocessing = 0;
		};
		DF96B7561FCC96C7003E83EA /* Frameworks */ = {
			isa = PBXFrameworksBuildPhase;
			buildActionMask = 2147483647;
			files = (
			);
			runOnlyForDeploymentPostprocessing = 0;
		};
/* End PBXFrameworksBuildPhase section */

/* Begin PBXGroup section */
		DF96B73B1FCC96C6003E83EA = {
			isa = PBXGroup;
			children = (
				DFAC31AB1FE04B1C009DCAB9 /* IOKit.framework */,
				DF96B7461FCC96C6003E83EA /* CheekiTools2 */,
				DF96B75C1FCC96C7003E83EA /* CheekiTools2Tests */,
				DF96B7451FCC96C6003E83EA /* Products */,
			);
			sourceTree = "<group>";
		};
		DF96B7451FCC96C6003E83EA /* Products */ = {
			isa = PBXGroup;
			children = (
				DF96B7441FCC96C6003E83EA /* CheekiTools2.app */,
				DF96B7591FCC96C7003E83EA /* CheekiTools2Tests.xctest */,
			);
			name = Products;
			sourceTree = "<group>";
		};
		DF96B7461FCC96C6003E83EA /* CheekiTools2 */ = {
			isa = PBXGroup;
			children = (
				DFAC31A51FE044C2009DCAB9 /* IOKit */,
				DFAC31A21FE03CB9009DCAB9 /* arch.h */,
				DFAC31A31FE03CB9009DCAB9 /* common.h */,
				DFAC31A11FE03CB1009DCAB9 /* mach-o.h */,
				DFAC31981FE03CA6009DCAB9 /* nvpatch.h */,
				DFAC31991FE03CA6009DCAB9 /* nvpatch.m */,
				DFAC319C1FE03CA6009DCAB9 /* v0rtex.h */,
				DFAC319D1FE03CA6009DCAB9 /* v0rtex.m */,
				DFAC31AD1FE05F3A009DCAB9 /* v0rtex2.h */,
				DF96B7491FCC96C6003E83EA /* AppDelegate.swift */,
				DF96B74B1FCC96C6003E83EA /* ViewController.swift */,
				DF96B74D1FCC96C6003E83EA /* Main.storyboard */,
				DFAC31A41FE03DF9009DCAB9 /* Nonceset.h */,
				DFAC31921FE03A8C009DCAB9 /* Nonceset.m */,
				DF96B7501FCC96C6003E83EA /* Images.xcassets */,
				DF96B7521FCC96C6003E83EA /* LaunchScreen.xib */,
				DF96B7471FCC96C6003E83EA /* Supporting Files */,
				DFAC31911FE03A8B009DCAB9 /* CheekiTools2-Bridging-Header.h */,
			);
			path = CheekiTools2;
			sourceTree = "<group>";
		};
		DF96B7471FCC96C6003E83EA /* Supporting Files */ = {
			isa = PBXGroup;
			children = (
				DF96B7481FCC96C6003E83EA /* Info.plist */,
			);
			name = "Supporting Files";
			sourceTree = "<group>";
		};
		DF96B75C1FCC96C7003E83EA /* CheekiTools2Tests */ = {
			isa = PBXGroup;
			children = (
				DF96B75F1FCC96C7003E83EA /* CheekiTools2Tests.swift */,
				DF96B75D1FCC96C7003E83EA /* Supporting Files */,
			);
			path = CheekiTools2Tests;
			sourceTree = "<group>";
		};
		DF96B75D1FCC96C7003E83EA /* Supporting Files */ = {
			isa = PBXGroup;
			children = (
				DF96B75E1FCC96C7003E83EA /* Info.plist */,
			);
			name = "Supporting Files";
			sourceTree = "<group>";
		};
		DFAC31A51FE044C2009DCAB9 /* IOKit */ = {
			isa = PBXGroup;
			children = (
				DFAC31A61FE044C2009DCAB9 /* IOKitKeys.h */,
				DFAC31A71FE044C2009DCAB9 /* IOKitLib.h */,
				DFAC31A81FE044C2009DCAB9 /* IOReturn.h */,
				DFAC31A91FE044C2009DCAB9 /* IOTypes.h */,
				DFAC31AA1FE044C2009DCAB9 /* OSMessageNotification.h */,
			);
			name = IOKit;
			path = Headers/IOKit;
			sourceTree = "<group>";
		};
/* End PBXGroup section */

/* Begin PBXNativeTarget section */
		DF96B7431FCC96C6003E83EA /* CheekiTools2 */ = {
			isa = PBXNativeTarget;
			buildConfigurationList = DF96B7631FCC96C7003E83EA /* Build configuration list for PBXNativeTarget "CheekiTools2" */;
			buildPhases = (
				DF96B7401FCC96C6003E83EA /* Sources */,
				DF96B7411FCC96C6003E83EA /* Frameworks */,
				DF96B7421FCC96C6003E83EA /* Resources */,
			);
			buildRules = (
			);
			dependencies = (
			);
			name = CheekiTools2;
			productName = CheekiTools2;
			productReference = DF96B7441FCC96C6003E83EA /* CheekiTools2.app */;
			productType = "com.apple.product-type.application";
		};
		DF96B7581FCC96C7003E83EA /* CheekiTools2Tests */ = {
			isa = PBXNativeTarget;
			buildConfigurationList = DF96B7661FCC96C7003E83EA /* Build configuration list for PBXNativeTarget "CheekiTools2Tests" */;
			buildPhases = (
				DF96B7551FCC96C7003E83EA /* Sources */,
				DF96B7561FCC96C7003E83EA /* Frameworks */,
				DF96B7571FCC96C7003E83EA /* Resources */,
			);
			buildRules = (
			);
			dependencies = (
				DF96B75B1FCC96C7003E83EA /* PBXTargetDependency */,
			);
			name = CheekiTools2Tests;
			productName = CheekiTools2Tests;
			productReference = DF96B7591FCC96C7003E83EA /* CheekiTools2Tests.xctest */;
			productType = "com.apple.product-type.bundle.unit-test";
		};
/* End PBXNativeTarget section */

/* Begin PBXProject section */
		DF96B73C1FCC96C6003E83EA /* Project object */ = {
			isa = PBXProject;
			attributes = {
				LastUpgradeCheck = 0610;
				ORGANIZATIONNAME = "Aiden Bradley Albert";
				TargetAttributes = {
					DF96B7431FCC96C6003E83EA = {
						CreatedOnToolsVersion = 6.1.1;
					};
					DF96B7581FCC96C7003E83EA = {
						CreatedOnToolsVersion = 6.1.1;
						TestTargetID = DF96B7431FCC96C6003E83EA;
					};
				};
			};
			buildConfigurationList = DF96B73F1FCC96C6003E83EA /* Build configuration list for PBXProject "CheekiTools2" */;
			compatibilityVersion = "Xcode 3.2";
			developmentRegion = English;
			hasScannedForEncodings = 0;
			knownRegions = (
				en,
				Base,
			);
			mainGroup = DF96B73B1FCC96C6003E83EA;
			productRefGroup = DF96B7451FCC96C6003E83EA /* Products */;
			projectDirPath = "";
			projectRoot = "";
			targets = (
				DF96B7431FCC96C6003E83EA /* CheekiTools2 */,
				DF96B7581FCC96C7003E83EA /* CheekiTools2Tests */,
			);
		};
/* End PBXProject section */

/* Begin PBXResourcesBuildPhase section */
		DF96B7421FCC96C6003E83EA /* Resources */ = {
			isa = PBXResourcesBuildPhase;
			buildActionMask = 2147483647;
			files = (
				DF96B74F1FCC96C6003E83EA /* Main.storyboard in Resources */,
				DF96B7541FCC96C6003E83EA /* LaunchScreen.xib in Resources */,
				DF96B7511FCC96C6003E83EA /* Images.xcassets in Resources */,
			);
			runOnlyForDeploymentPostprocessing = 0;
		};
		DF96B7571FCC96C7003E83EA /* Resources */ = {
			isa = PBXResourcesBuildPhase;
			buildActionMask = 2147483647;
			files = (
			);
			runOnlyForDeploymentPostprocessing = 0;
		};
/* End PBXResourcesBuildPhase section */

/* Begin PBXSourcesBuildPhase section */
		DF96B7401FCC96C6003E83EA /* Sources */ = {
			isa = PBXSourcesBuildPhase;
			buildActionMask = 2147483647;
			files = (
				DFAC31A01FE03CA6009DCAB9 /* v0rtex.m in Sources */,
				DFAC319E1FE03CA6009DCAB9 /* nvpatch.m in Sources */,
				DFAC31931FE03A8C009DCAB9 /* Nonceset.m in Sources */,
				DF96B74C1FCC96C6003E83EA /* ViewController.swift in Sources */,
				DF96B74A1FCC96C6003E83EA /* AppDelegate.swift in Sources */,
			);
			runOnlyForDeploymentPostprocessing = 0;
		};
		DF96B7551FCC96C7003E83EA /* Sources */ = {
			isa = PBXSourcesBuildPhase;
			buildActionMask = 2147483647;
			files = (
				DF96B7601FCC96C7003E83EA /* CheekiTools2Tests.swift in Sources */,
			);
			runOnlyForDeploymentPostprocessing = 0;
		};
/* End PBXSourcesBuildPhase section */

/* Begin PBXTargetDependency section */
		DF96B75B1FCC96C7003E83EA /* PBXTargetDependency */ = {
			isa = PBXTargetDependency;
			target = DF96B7431FCC96C6003E83EA /* CheekiTools2 */;
			targetProxy = DF96B75A1FCC96C7003E83EA /* PBXContainerItemProxy */;
		};
/* End PBXTargetDependency section */

/* Begin PBXVariantGroup section */
		DF96B74D1FCC96C6003E83EA /* Main.storyboard */ = {
			isa = PBXVariantGroup;
			children = (
				DF96B74E1FCC96C6003E83EA /* Base */,
			);
			name = Main.storyboard;
			sourceTree = "<group>";
		};
		DF96B7521FCC96C6003E83EA /* LaunchScreen.xib */ = {
			isa = PBXVariantGroup;
			children = (
				DF96B7531FCC96C6003E83EA /* Base */,
			);
			name = LaunchScreen.xib;
			sourceTree = "<group>";
		};
/* End PBXVariantGroup section */

/* Begin XCBuildConfiguration section */
		DF96B7611FCC96C7003E83EA /* Debug */ = {
			isa = XCBuildConfiguration;
			buildSettings = {
				ALWAYS_SEARCH_USER_PATHS = NO;
				CLANG_CXX_LANGUAGE_STANDARD = "gnu++0x";
				CLANG_CXX_LIBRARY = "libc++";
				CLANG_ENABLE_MODULES = YES;
				CLANG_ENABLE_OBJC_ARC = YES;
				CLANG_WARN_BOOL_CONVERSION = YES;
				CLANG_WARN_CONSTANT_CONVERSION = YES;
				CLANG_WARN_DIRECT_OBJC_ISA_USAGE = YES_ERROR;
				CLANG_WARN_EMPTY_BODY = YES;
				CLANG_WARN_ENUM_CONVERSION = YES;
				CLANG_WARN_INT_CONVERSION = YES;
				CLANG_WARN_OBJC_ROOT_CLASS = YES_ERROR;
				CLANG_WARN_UNREACHABLE_CODE = YES;
				CLANG_WARN__DUPLICATE_METHOD_MATCH = YES;
				"CODE_SIGN_IDENTITY[sdk=iphoneos*]" = "iPhone Developer";
				COPY_PHASE_STRIP = NO;
				ENABLE_STRICT_OBJC_MSGSEND = YES;
				GCC_C_LANGUAGE_STANDARD = gnu99;
				GCC_DYNAMIC_NO_PIC = NO;
				GCC_OPTIMIZATION_LEVEL = 0;
				GCC_PREPROCESSOR_DEFINITIONS = (
					"DEBUG=1",
					"$(inherited)",
				);
				GCC_SYMBOLS_PRIVATE_EXTERN = NO;
				GCC_WARN_64_TO_32_BIT_CONVERSION = YES;
				GCC_WARN_ABOUT_RETURN_TYPE = YES_ERROR;
				GCC_WARN_UNDECLARED_SELECTOR = YES;
				GCC_WARN_UNINITIALIZED_AUTOS = YES_AGGRESSIVE;
				GCC_WARN_UNUSED_FUNCTION = YES;
				GCC_WARN_UNUSED_VARIABLE = YES;
				IPHONEOS_DEPLOYMENT_TARGET = 8.1;
				MTL_ENABLE_DEBUG_INFO = YES;
				ONLY_ACTIVE_ARCH = YES;
				SDKROOT = iphoneos;
				SWIFT_OPTIMIZATION_LEVEL = "-Onone";
				TARGETED_DEVICE_FAMILY = "1,2";
			};
			name = Debug;
		};
		DF96B7621FCC96C7003E83EA /* Release */ = {
			isa = XCBuildConfiguration;
			buildSettings = {
				ALWAYS_SEARCH_USER_PATHS = NO;
				CLANG_CXX_LANGUAGE_STANDARD = "gnu++0x";
				CLANG_CXX_LIBRARY = "libc++";
				CLANG_ENABLE_MODULES = YES;
				CLANG_ENABLE_OBJC_ARC = YES;
				CLANG_WARN_BOOL_CONVERSION = YES;
				CLANG_WARN_CONSTANT_CONVERSION = YES;
				CLANG_WARN_DIRECT_OBJC_ISA_USAGE = YES_ERROR;
				CLANG_WARN_EMPTY_BODY = YES;
				CLANG_WARN_ENUM_CONVERSION = YES;
				CLANG_WARN_INT_CONVERSION = YES;
				CLANG_WARN_OBJC_ROOT_CLASS = YES_ERROR;
				CLANG_WARN_UNREACHABLE_CODE = YES;
				CLANG_WARN__DUPLICATE_METHOD_MATCH = YES;
				"CODE_SIGN_IDENTITY[sdk=iphoneos*]" = "iPhone Developer";
				COPY_PHASE_STRIP = YES;
				ENABLE_NS_ASSERTIONS = NO;
				ENABLE_STRICT_OBJC_MSGSEND = YES;
				GCC_C_LANGUAGE_STANDARD = gnu99;
				GCC_WARN_64_TO_32_BIT_CONVERSION = YES;
				GCC_WARN_ABOUT_RETURN_TYPE = YES_ERROR;
				GCC_WARN_UNDECLARED_SELECTOR = YES;
				GCC_WARN_UNINITIALIZED_AUTOS = YES_AGGRESSIVE;
				GCC_WARN_UNUSED_FUNCTION = YES;
				GCC_WARN_UNUSED_VARIABLE = YES;
				IPHONEOS_DEPLOYMENT_TARGET = 8.1;
				MTL_ENABLE_DEBUG_INFO = NO;
				SDKROOT = iphoneos;
				TARGETED_DEVICE_FAMILY = "1,2";
				VALIDATE_PRODUCT = YES;
			};
			name = Release;
		};
		DF96B7641FCC96C7003E83EA /* Debug */ = {
			isa = XCBuildConfiguration;
			buildSettings = {
				ASSETCATALOG_COMPILER_APPICON_NAME = AppIcon;
				CLANG_ENABLE_MODULES = YES;
				FRAMEWORK_SEARCH_PATHS = (
					"$(inherited)",
					"$(PROJECT_DIR)/CheekiTools2",
				);
				INFOPLIST_FILE = CheekiTools2/Info.plist;
				LD_RUNPATH_SEARCH_PATHS = "$(inherited) @executable_path/Frameworks";
				PRODUCT_NAME = "$(TARGET_NAME)";
				SWIFT_OBJC_BRIDGING_HEADER = "CheekiTools2/CheekiTools2-Bridging-Header.h";
				SWIFT_OPTIMIZATION_LEVEL = "-Onone";
			};
			name = Debug;
		};
		DF96B7651FCC96C7003E83EA /* Release */ = {
			isa = XCBuildConfiguration;
			buildSettings = {
				ASSETCATALOG_COMPILER_APPICON_NAME = AppIcon;
				CLANG_ENABLE_MODULES = YES;
				FRAMEWORK_SEARCH_PATHS = (
					"$(inherited)",
					"$(PROJECT_DIR)/CheekiTools2",
				);
				INFOPLIST_FILE = CheekiTools2/Info.plist;
				LD_RUNPATH_SEARCH_PATHS = "$(inherited) @executable_path/Frameworks";
				PRODUCT_NAME = "$(TARGET_NAME)";
				SWIFT_OBJC_BRIDGING_HEADER = "CheekiTools2/CheekiTools2-Bridging-Header.h";
			};
			name = Release;
		};
		DF96B7671FCC96C7003E83EA /* Debug */ = {
			isa = XCBuildConfiguration;
			buildSettings = {
				BUNDLE_LOADER = "$(TEST_HOST)";
				FRAMEWORK_SEARCH_PATHS = (
					"$(SDKROOT)/Developer/Library/Frameworks",
					"$(inherited)",
				);
				GCC_PREPROCESSOR_DEFINITIONS = (
					"DEBUG=1",
					"$(inherited)",
				);
				INFOPLIST_FILE = CheekiTools2Tests/Info.plist;
				LD_RUNPATH_SEARCH_PATHS = "$(inherited) @executable_path/Frameworks @loader_path/Frameworks";
				PRODUCT_NAME = "$(TARGET_NAME)";
				TEST_HOST = "$(BUILT_PRODUCTS_DIR)/CheekiTools2.app/CheekiTools2";
			};
			name = Debug;
		};
		DF96B7681FCC96C7003E83EA /* Release */ = {
			isa = XCBuildConfiguration;
			buildSettings = {
				BUNDLE_LOADER = "$(TEST_HOST)";
				FRAMEWORK_SEARCH_PATHS = (
					"$(SDKROOT)/Developer/Library/Frameworks",
					"$(inherited)",
				);
				INFOPLIST_FILE = CheekiTools2Tests/Info.plist;
				LD_RUNPATH_SEARCH_PATHS = "$(inherited) @executable_path/Frameworks @loader_path/Frameworks";
				PRODUCT_NAME = "$(TARGET_NAME)";
				TEST_HOST = "$(BUILT_PRODUCTS_DIR)/CheekiTools2.app/CheekiTools2";
			};
			name = Release;
		};
/* End XCBuildConfiguration section */

/* Begin XCConfigurationList section */
		DF96B73F1FCC96C6003E83EA /* Build configuration list for PBXProject "CheekiTools2" */ = {
			isa = XCConfigurationList;
			buildConfigurations = (
				DF96B7611FCC96C7003E83EA /* Debug */,
				DF96B7621FCC96C7003E83EA /* Release */,
			);
			defaultConfigurationIsVisible = 0;
			defaultConfigurationName = Release;
		};
		DF96B7631FCC96C7003E83EA /* Build configuration list for PBXNativeTarget "CheekiTools2" */ = {
			isa = XCConfigurationList;
			buildConfigurations = (
				DF96B7641FCC96C7003E83EA /* Debug */,
				DF96B7651FCC96C7003E83EA /* Release */,
			);
			defaultConfigurationIsVisible = 0;
			defaultConfigurationName = Release;
		};
		DF96B7661FCC96C7003E83EA /* Build configuration list for PBXNativeTarget "CheekiTools2Tests" */ = {
			isa = XCConfigurationList;
			buildConfigurations = (
				DF96B7671FCC96C7003E83EA /* Debug */,
				DF96B7681FCC96C7003E83EA /* Release */,
			);
			defaultConfigurationIsVisible = 0;
			defaultConfigurationName = Release;
		};
/* End XCConfigurationList section */
	};
	rootObject = DF96B73C1FCC96C6003E83EA /* Project object */;
}
